// !$*UTF8*$!
{
	archiveVersion = 1;
	classes = {
	};
	objectVersion = 50;
	objects = {

/* Begin PBXBuildFile section */
		8026723F21F97F3E00F79328 /* AppDelegate.swift in Sources */ = {isa = PBXBuildFile; fileRef = 8026723E21F97F3E00F79328 /* AppDelegate.swift */; };
		8026724121F97F3E00F79328 /* ViewController.swift in Sources */ = {isa = PBXBuildFile; fileRef = 8026724021F97F3E00F79328 /* ViewController.swift */; };
		8026724421F97F3E00F79328 /* Main.storyboard in Resources */ = {isa = PBXBuildFile; fileRef = 8026724221F97F3E00F79328 /* Main.storyboard */; };
		8026724621F97F3E00F79328 /* Assets.xcassets in Resources */ = {isa = PBXBuildFile; fileRef = 8026724521F97F3E00F79328 /* Assets.xcassets */; };
		8026724921F97F3E00F79328 /* LaunchScreen.storyboard in Resources */ = {isa = PBXBuildFile; fileRef = 8026724721F97F3E00F79328 /* LaunchScreen.storyboard */; };
		8026725621F97FD000F79328 /* DecoderUtils.swift in Sources */ = {isa = PBXBuildFile; fileRef = 8026725121F97FD000F79328 /* DecoderUtils.swift */; };
		8026725721F97FD000F79328 /* GeoJsonObjects.swift in Sources */ = {isa = PBXBuildFile; fileRef = 8026725221F97FD000F79328 /* GeoJsonObjects.swift */; };
		8026725821F97FD000F79328 /* MapKitTools.swift in Sources */ = {isa = PBXBuildFile; fileRef = 8026725321F97FD000F79328 /* MapKitTools.swift */; };
		8026725921F97FD000F79328 /* Geometries.swift in Sources */ = {isa = PBXBuildFile; fileRef = 8026725421F97FD000F79328 /* Geometries.swift */; };
		8026725A21F97FD000F79328 /* GeoJsonUtils.swift in Sources */ = {isa = PBXBuildFile; fileRef = 8026725521F97FD000F79328 /* GeoJsonUtils.swift */; };
		8026726321F9855600F79328 /* nyc_neighborhoods.geojson in Resources */ = {isa = PBXBuildFile; fileRef = 8026725D21F9855600F79328 /* nyc_neighborhoods.geojson */; };
		8026726421F9855600F79328 /* multiPolygon.geojson in Resources */ = {isa = PBXBuildFile; fileRef = 8026725E21F9855600F79328 /* multiPolygon.geojson */; };
		8026726521F9855600F79328 /* point.geojson in Resources */ = {isa = PBXBuildFile; fileRef = 8026725F21F9855600F79328 /* point.geojson */; };
		8026726621F9855600F79328 /* polygon.geojson in Resources */ = {isa = PBXBuildFile; fileRef = 8026726021F9855600F79328 /* polygon.geojson */; };
		8026726721F9855600F79328 /* lineString.geojson in Resources */ = {isa = PBXBuildFile; fileRef = 8026726121F9855600F79328 /* lineString.geojson */; };
		8026726821F9855600F79328 /* feature.geojson in Resources */ = {isa = PBXBuildFile; fileRef = 8026726221F9855600F79328 /* feature.geojson */; };
		803E504F21FF6C4F00699E12 /* GeoJsonUtilsAppTests.swift in Sources */ = {isa = PBXBuildFile; fileRef = 803E504E21FF6C4F00699E12 /* GeoJsonUtilsAppTests.swift */; };
		804B2F35239D76B400EB7B1E /* trail.geojson in Resources */ = {isa = PBXBuildFile; fileRef = 804B2F34239D76B400EB7B1E /* trail.geojson */; };
		8054D15A21FE36EA00211E72 /* bids.geojson in Resources */ = {isa = PBXBuildFile; fileRef = 8054D15921FE36EA00211E72 /* bids.geojson */; };
/* End PBXBuildFile section */

/* Begin PBXContainerItemProxy section */
		803E505121FF6C4F00699E12 /* PBXContainerItemProxy */ = {
			isa = PBXContainerItemProxy;
			containerPortal = 8026723321F97F3E00F79328 /* Project object */;
			proxyType = 1;
			remoteGlobalIDString = 8026723A21F97F3E00F79328;
			remoteInfo = GeoJsonUtilsApp;
		};
/* End PBXContainerItemProxy section */

/* Begin PBXFileReference section */
		8026723B21F97F3E00F79328 /* GeoJsonUtilsApp.app */ = {isa = PBXFileReference; explicitFileType = wrapper.application; includeInIndex = 0; path = GeoJsonUtilsApp.app; sourceTree = BUILT_PRODUCTS_DIR; };
		8026723E21F97F3E00F79328 /* AppDelegate.swift */ = {isa = PBXFileReference; lastKnownFileType = sourcecode.swift; path = AppDelegate.swift; sourceTree = "<group>"; };
		8026724021F97F3E00F79328 /* ViewController.swift */ = {isa = PBXFileReference; lastKnownFileType = sourcecode.swift; path = ViewController.swift; sourceTree = "<group>"; };
		8026724321F97F3E00F79328 /* Base */ = {isa = PBXFileReference; lastKnownFileType = file.storyboard; name = Base; path = Base.lproj/Main.storyboard; sourceTree = "<group>"; };
		8026724521F97F3E00F79328 /* Assets.xcassets */ = {isa = PBXFileReference; lastKnownFileType = folder.assetcatalog; path = Assets.xcassets; sourceTree = "<group>"; };
		8026724821F97F3E00F79328 /* Base */ = {isa = PBXFileReference; lastKnownFileType = file.storyboard; name = Base; path = Base.lproj/LaunchScreen.storyboard; sourceTree = "<group>"; };
		8026724A21F97F3E00F79328 /* Info.plist */ = {isa = PBXFileReference; lastKnownFileType = text.plist.xml; path = Info.plist; sourceTree = "<group>"; };
		8026725121F97FD000F79328 /* DecoderUtils.swift */ = {isa = PBXFileReference; fileEncoding = 4; lastKnownFileType = sourcecode.swift; path = DecoderUtils.swift; sourceTree = "<group>"; };
		8026725221F97FD000F79328 /* GeoJsonObjects.swift */ = {isa = PBXFileReference; fileEncoding = 4; lastKnownFileType = sourcecode.swift; path = GeoJsonObjects.swift; sourceTree = "<group>"; };
		8026725321F97FD000F79328 /* MapKitTools.swift */ = {isa = PBXFileReference; fileEncoding = 4; lastKnownFileType = sourcecode.swift; path = MapKitTools.swift; sourceTree = "<group>"; };
		8026725421F97FD000F79328 /* Geometries.swift */ = {isa = PBXFileReference; fileEncoding = 4; lastKnownFileType = sourcecode.swift; path = Geometries.swift; sourceTree = "<group>"; };
		8026725521F97FD000F79328 /* GeoJsonUtils.swift */ = {isa = PBXFileReference; fileEncoding = 4; lastKnownFileType = sourcecode.swift; path = GeoJsonUtils.swift; sourceTree = "<group>"; };
		8026725D21F9855600F79328 /* nyc_neighborhoods.geojson */ = {isa = PBXFileReference; fileEncoding = 4; lastKnownFileType = text; path = nyc_neighborhoods.geojson; sourceTree = "<group>"; };
		8026725E21F9855600F79328 /* multiPolygon.geojson */ = {isa = PBXFileReference; fileEncoding = 4; lastKnownFileType = text; path = multiPolygon.geojson; sourceTree = "<group>"; };
		8026725F21F9855600F79328 /* point.geojson */ = {isa = PBXFileReference; fileEncoding = 4; lastKnownFileType = text; path = point.geojson; sourceTree = "<group>"; };
		8026726021F9855600F79328 /* polygon.geojson */ = {isa = PBXFileReference; fileEncoding = 4; lastKnownFileType = text; path = polygon.geojson; sourceTree = "<group>"; };
		8026726121F9855600F79328 /* lineString.geojson */ = {isa = PBXFileReference; fileEncoding = 4; lastKnownFileType = text; path = lineString.geojson; sourceTree = "<group>"; };
		8026726221F9855600F79328 /* feature.geojson */ = {isa = PBXFileReference; fileEncoding = 4; lastKnownFileType = text; path = feature.geojson; sourceTree = "<group>"; };
		803E504C21FF6C4F00699E12 /* GeoJsonUtilsAppTests.xctest */ = {isa = PBXFileReference; explicitFileType = wrapper.cfbundle; includeInIndex = 0; path = GeoJsonUtilsAppTests.xctest; sourceTree = BUILT_PRODUCTS_DIR; };
		803E504E21FF6C4F00699E12 /* GeoJsonUtilsAppTests.swift */ = {isa = PBXFileReference; lastKnownFileType = sourcecode.swift; path = GeoJsonUtilsAppTests.swift; sourceTree = "<group>"; };
		803E505021FF6C4F00699E12 /* Info.plist */ = {isa = PBXFileReference; lastKnownFileType = text.plist.xml; path = Info.plist; sourceTree = "<group>"; };
		804B2F34239D76B400EB7B1E /* trail.geojson */ = {isa = PBXFileReference; fileEncoding = 4; lastKnownFileType = text; path = trail.geojson; sourceTree = "<group>"; };
		8054D15921FE36EA00211E72 /* bids.geojson */ = {isa = PBXFileReference; fileEncoding = 4; lastKnownFileType = text; path = bids.geojson; sourceTree = "<group>"; };
/* End PBXFileReference section */

/* Begin PBXFrameworksBuildPhase section */
		8026723821F97F3E00F79328 /* Frameworks */ = {
			isa = PBXFrameworksBuildPhase;
			buildActionMask = 2147483647;
			files = (
			);
			runOnlyForDeploymentPostprocessing = 0;
		};
		803E504921FF6C4F00699E12 /* Frameworks */ = {
			isa = PBXFrameworksBuildPhase;
			buildActionMask = 2147483647;
			files = (
			);
			runOnlyForDeploymentPostprocessing = 0;
		};
/* End PBXFrameworksBuildPhase section */

/* Begin PBXGroup section */
		8026723221F97F3E00F79328 = {
			isa = PBXGroup;
			children = (
				8026723D21F97F3E00F79328 /* GeoJsonUtilsApp */,
				803E504D21FF6C4F00699E12 /* GeoJsonUtilsAppTests */,
				8026723C21F97F3E00F79328 /* Products */,
			);
			sourceTree = "<group>";
		};
		8026723C21F97F3E00F79328 /* Products */ = {
			isa = PBXGroup;
			children = (
				8026723B21F97F3E00F79328 /* GeoJsonUtilsApp.app */,
				803E504C21FF6C4F00699E12 /* GeoJsonUtilsAppTests.xctest */,
			);
			name = Products;
			sourceTree = "<group>";
		};
		8026723D21F97F3E00F79328 /* GeoJsonUtilsApp */ = {
			isa = PBXGroup;
			children = (
				8026725C21F9855500F79328 /* Sample Files */,
				8026725021F97FD000F79328 /* GeoJsonUtils */,
				8026723E21F97F3E00F79328 /* AppDelegate.swift */,
				8026724021F97F3E00F79328 /* ViewController.swift */,
				8026724221F97F3E00F79328 /* Main.storyboard */,
				8026724521F97F3E00F79328 /* Assets.xcassets */,
				8026724721F97F3E00F79328 /* LaunchScreen.storyboard */,
				8026724A21F97F3E00F79328 /* Info.plist */,
			);
			path = GeoJsonUtilsApp;
			sourceTree = "<group>";
		};
		8026725021F97FD000F79328 /* GeoJsonUtils */ = {
			isa = PBXGroup;
			children = (
				8026725121F97FD000F79328 /* DecoderUtils.swift */,
				8026725221F97FD000F79328 /* GeoJsonObjects.swift */,
				8026725321F97FD000F79328 /* MapKitTools.swift */,
				8026725421F97FD000F79328 /* Geometries.swift */,
				8026725521F97FD000F79328 /* GeoJsonUtils.swift */,
			);
			name = GeoJsonUtils;
			path = ../../GeoJsonUtils;
			sourceTree = "<group>";
		};
		8026725C21F9855500F79328 /* Sample Files */ = {
			isa = PBXGroup;
			children = (
				804B2F34239D76B400EB7B1E /* trail.geojson */,
				8054D15921FE36EA00211E72 /* bids.geojson */,
				8026725D21F9855600F79328 /* nyc_neighborhoods.geojson */,
				8026725E21F9855600F79328 /* multiPolygon.geojson */,
				8026725F21F9855600F79328 /* point.geojson */,
				8026726021F9855600F79328 /* polygon.geojson */,
				8026726121F9855600F79328 /* lineString.geojson */,
				8026726221F9855600F79328 /* feature.geojson */,
			);
			name = "Sample Files";
			path = "../../Sample Files";
			sourceTree = "<group>";
		};
		803E504D21FF6C4F00699E12 /* GeoJsonUtilsAppTests */ = {
			isa = PBXGroup;
			children = (
				803E504E21FF6C4F00699E12 /* GeoJsonUtilsAppTests.swift */,
				803E505021FF6C4F00699E12 /* Info.plist */,
			);
			path = GeoJsonUtilsAppTests;
			sourceTree = "<group>";
		};
/* End PBXGroup section */

/* Begin PBXNativeTarget section */
		8026723A21F97F3E00F79328 /* GeoJsonUtilsApp */ = {
			isa = PBXNativeTarget;
			buildConfigurationList = 8026724D21F97F3E00F79328 /* Build configuration list for PBXNativeTarget "GeoJsonUtilsApp" */;
			buildPhases = (
				8026723721F97F3E00F79328 /* Sources */,
				8026723821F97F3E00F79328 /* Frameworks */,
				8026723921F97F3E00F79328 /* Resources */,
				8026725B21F9828400F79328 /* ShellScript */,
			);
			buildRules = (
			);
			dependencies = (
			);
			name = GeoJsonUtilsApp;
			productName = GeoJsonUtilsApp;
			productReference = 8026723B21F97F3E00F79328 /* GeoJsonUtilsApp.app */;
			productType = "com.apple.product-type.application";
		};
		803E504B21FF6C4F00699E12 /* GeoJsonUtilsAppTests */ = {
			isa = PBXNativeTarget;
			buildConfigurationList = 803E505521FF6C4F00699E12 /* Build configuration list for PBXNativeTarget "GeoJsonUtilsAppTests" */;
			buildPhases = (
				803E504821FF6C4F00699E12 /* Sources */,
				803E504921FF6C4F00699E12 /* Frameworks */,
				803E504A21FF6C4F00699E12 /* Resources */,
			);
			buildRules = (
			);
			dependencies = (
				803E505221FF6C4F00699E12 /* PBXTargetDependency */,
			);
			name = GeoJsonUtilsAppTests;
			productName = GeoJsonUtilsAppTests;
			productReference = 803E504C21FF6C4F00699E12 /* GeoJsonUtilsAppTests.xctest */;
			productType = "com.apple.product-type.bundle.unit-test";
		};
/* End PBXNativeTarget section */

/* Begin PBXProject section */
		8026723321F97F3E00F79328 /* Project object */ = {
			isa = PBXProject;
			attributes = {
				LastSwiftUpdateCheck = 1010;
				LastUpgradeCheck = 1010;
				ORGANIZATIONNAME = codingManu;
				TargetAttributes = {
					8026723A21F97F3E00F79328 = {
						CreatedOnToolsVersion = 10.1;
						LastSwiftMigration = 1020;
					};
					803E504B21FF6C4F00699E12 = {
						CreatedOnToolsVersion = 10.1;
						LastSwiftMigration = 1020;
						TestTargetID = 8026723A21F97F3E00F79328;
					};
				};
			};
			buildConfigurationList = 8026723621F97F3E00F79328 /* Build configuration list for PBXProject "GeoJsonUtilsApp" */;
			compatibilityVersion = "Xcode 9.3";
			developmentRegion = en;
			hasScannedForEncodings = 0;
			knownRegions = (
				en,
				Base,
			);
			mainGroup = 8026723221F97F3E00F79328;
			productRefGroup = 8026723C21F97F3E00F79328 /* Products */;
			projectDirPath = "";
			projectRoot = "";
			targets = (
				8026723A21F97F3E00F79328 /* GeoJsonUtilsApp */,
				803E504B21FF6C4F00699E12 /* GeoJsonUtilsAppTests */,
			);
		};
/* End PBXProject section */

/* Begin PBXResourcesBuildPhase section */
		8026723921F97F3E00F79328 /* Resources */ = {
			isa = PBXResourcesBuildPhase;
			buildActionMask = 2147483647;
			files = (
				8026726421F9855600F79328 /* multiPolygon.geojson in Resources */,
				8026726321F9855600F79328 /* nyc_neighborhoods.geojson in Resources */,
				8026726621F9855600F79328 /* polygon.geojson in Resources */,
				8026724921F97F3E00F79328 /* LaunchScreen.storyboard in Resources */,
				804B2F35239D76B400EB7B1E /* trail.geojson in Resources */,
				8026726721F9855600F79328 /* lineString.geojson in Resources */,
				8054D15A21FE36EA00211E72 /* bids.geojson in Resources */,
				8026724621F97F3E00F79328 /* Assets.xcassets in Resources */,
				8026726521F9855600F79328 /* point.geojson in Resources */,
				8026724421F97F3E00F79328 /* Main.storyboard in Resources */,
				8026726821F9855600F79328 /* feature.geojson in Resources */,
			);
			runOnlyForDeploymentPostprocessing = 0;
		};
		803E504A21FF6C4F00699E12 /* Resources */ = {
			isa = PBXResourcesBuildPhase;
			buildActionMask = 2147483647;
			files = (
			);
			runOnlyForDeploymentPostprocessing = 0;
		};
/* End PBXResourcesBuildPhase section */

/* Begin PBXShellScriptBuildPhase section */
		8026725B21F9828400F79328 /* ShellScript */ = {
			isa = PBXShellScriptBuildPhase;
			buildActionMask = 2147483647;
			files = (
			);
			inputFileListPaths = (
			);
			inputPaths = (
			);
			outputFileListPaths = (
			);
			outputPaths = (
			);
			runOnlyForDeploymentPostprocessing = 0;
			shellPath = /bin/sh;
			shellScript = "if which swiftlint >/dev/null; then\nswiftlint\nelse\necho \"warning: SwiftLint not installed, download from https://github.com/realm/SwiftLint\"\nfi\n";
		};
/* End PBXShellScriptBuildPhase section */

/* Begin PBXSourcesBuildPhase section */
		8026723721F97F3E00F79328 /* Sources */ = {
			isa = PBXSourcesBuildPhase;
			buildActionMask = 2147483647;
			files = (
				8026724121F97F3E00F79328 /* ViewController.swift in Sources */,
				8026725621F97FD000F79328 /* DecoderUtils.swift in Sources */,
				8026725721F97FD000F79328 /* GeoJsonObjects.swift in Sources */,
				8026725821F97FD000F79328 /* MapKitTools.swift in Sources */,
				8026725A21F97FD000F79328 /* GeoJsonUtils.swift in Sources */,
				8026723F21F97F3E00F79328 /* AppDelegate.swift in Sources */,
				8026725921F97FD000F79328 /* Geometries.swift in Sources */,
			);
			runOnlyForDeploymentPostprocessing = 0;
		};
		803E504821FF6C4F00699E12 /* Sources */ = {
			isa = PBXSourcesBuildPhase;
			buildActionMask = 2147483647;
			files = (
				803E504F21FF6C4F00699E12 /* GeoJsonUtilsAppTests.swift in Sources */,
			);
			runOnlyForDeploymentPostprocessing = 0;
		};
/* End PBXSourcesBuildPhase section */

/* Begin PBXTargetDependency section */
		803E505221FF6C4F00699E12 /* PBXTargetDependency */ = {
			isa = PBXTargetDependency;
			target = 8026723A21F97F3E00F79328 /* GeoJsonUtilsApp */;
			targetProxy = 803E505121FF6C4F00699E12 /* PBXContainerItemProxy */;
		};
/* End PBXTargetDependency section */

/* Begin PBXVariantGroup section */
		8026724221F97F3E00F79328 /* Main.storyboard */ = {
			isa = PBXVariantGroup;
			children = (
				8026724321F97F3E00F79328 /* Base */,
			);
			name = Main.storyboard;
			sourceTree = "<group>";
		};
		8026724721F97F3E00F79328 /* LaunchScreen.storyboard */ = {
			isa = PBXVariantGroup;
			children = (
				8026724821F97F3E00F79328 /* Base */,
			);
			name = LaunchScreen.storyboard;
			sourceTree = "<group>";
		};
/* End PBXVariantGroup section */

/* Begin XCBuildConfiguration section */
		8026724B21F97F3E00F79328 /* Debug */ = {
			isa = XCBuildConfiguration;
			buildSettings = {
				ALWAYS_SEARCH_USER_PATHS = NO;
				CLANG_ANALYZER_NONNULL = YES;
				CLANG_ANALYZER_NUMBER_OBJECT_CONVERSION = YES_AGGRESSIVE;
				CLANG_CXX_LANGUAGE_STANDARD = "gnu++14";
				CLANG_CXX_LIBRARY = "libc++";
				CLANG_ENABLE_MODULES = YES;
				CLANG_ENABLE_OBJC_ARC = YES;
				CLANG_ENABLE_OBJC_WEAK = YES;
				CLANG_WARN_BLOCK_CAPTURE_AUTORELEASING = YES;
				CLANG_WARN_BOOL_CONVERSION = YES;
				CLANG_WARN_COMMA = YES;
				CLANG_WARN_CONSTANT_CONVERSION = YES;
				CLANG_WARN_DEPRECATED_OBJC_IMPLEMENTATIONS = YES;
				CLANG_WARN_DIRECT_OBJC_ISA_USAGE = YES_ERROR;
				CLANG_WARN_DOCUMENTATION_COMMENTS = YES;
				CLANG_WARN_EMPTY_BODY = YES;
				CLANG_WARN_ENUM_CONVERSION = YES;
				CLANG_WARN_INFINITE_RECURSION = YES;
				CLANG_WARN_INT_CONVERSION = YES;
				CLANG_WARN_NON_LITERAL_NULL_CONVERSION = YES;
				CLANG_WARN_OBJC_IMPLICIT_RETAIN_SELF = YES;
				CLANG_WARN_OBJC_LITERAL_CONVERSION = YES;
				CLANG_WARN_OBJC_ROOT_CLASS = YES_ERROR;
				CLANG_WARN_RANGE_LOOP_ANALYSIS = YES;
				CLANG_WARN_STRICT_PROTOTYPES = YES;
				CLANG_WARN_SUSPICIOUS_MOVE = YES;
				CLANG_WARN_UNGUARDED_AVAILABILITY = YES_AGGRESSIVE;
				CLANG_WARN_UNREACHABLE_CODE = YES;
				CLANG_WARN__DUPLICATE_METHOD_MATCH = YES;
				CODE_SIGN_IDENTITY = "iPhone Developer";
				COPY_PHASE_STRIP = NO;
				DEBUG_INFORMATION_FORMAT = dwarf;
				ENABLE_STRICT_OBJC_MSGSEND = YES;
				ENABLE_TESTABILITY = YES;
				GCC_C_LANGUAGE_STANDARD = gnu11;
				GCC_DYNAMIC_NO_PIC = NO;
				GCC_NO_COMMON_BLOCKS = YES;
				GCC_OPTIMIZATION_LEVEL = 0;
				GCC_PREPROCESSOR_DEFINITIONS = (
					"DEBUG=1",
					"$(inherited)",
				);
				GCC_WARN_64_TO_32_BIT_CONVERSION = YES;
				GCC_WARN_ABOUT_RETURN_TYPE = YES_ERROR;
				GCC_WARN_UNDECLARED_SELECTOR = YES;
				GCC_WARN_UNINITIALIZED_AUTOS = YES_AGGRESSIVE;
				GCC_WARN_UNUSED_FUNCTION = YES;
				GCC_WARN_UNUSED_VARIABLE = YES;
				IPHONEOS_DEPLOYMENT_TARGET = 12.1;
				MTL_ENABLE_DEBUG_INFO = INCLUDE_SOURCE;
				MTL_FAST_MATH = YES;
				ONLY_ACTIVE_ARCH = YES;
				SDKROOT = iphoneos;
				SWIFT_ACTIVE_COMPILATION_CONDITIONS = DEBUG;
				SWIFT_OPTIMIZATION_LEVEL = "-Onone";
			};
			name = Debug;
		};
		8026724C21F97F3E00F79328 /* Release */ = {
			isa = XCBuildConfiguration;
			buildSettings = {
				ALWAYS_SEARCH_USER_PATHS = NO;
				CLANG_ANALYZER_NONNULL = YES;
				CLANG_ANALYZER_NUMBER_OBJECT_CONVERSION = YES_AGGRESSIVE;
				CLANG_CXX_LANGUAGE_STANDARD = "gnu++14";
				CLANG_CXX_LIBRARY = "libc++";
				CLANG_ENABLE_MODULES = YES;
				CLANG_ENABLE_OBJC_ARC = YES;
				CLANG_ENABLE_OBJC_WEAK = YES;
				CLANG_WARN_BLOCK_CAPTURE_AUTORELEASING = YES;
				CLANG_WARN_BOOL_CONVERSION = YES;
				CLANG_WARN_COMMA = YES;
				CLANG_WARN_CONSTANT_CONVERSION = YES;
				CLANG_WARN_DEPRECATED_OBJC_IMPLEMENTATIONS = YES;
				CLANG_WARN_DIRECT_OBJC_ISA_USAGE = YES_ERROR;
				CLANG_WARN_DOCUMENTATION_COMMENTS = YES;
				CLANG_WARN_EMPTY_BODY = YES;
				CLANG_WARN_ENUM_CONVERSION = YES;
				CLANG_WARN_INFINITE_RECURSION = YES;
				CLANG_WARN_INT_CONVERSION = YES;
				CLANG_WARN_NON_LITERAL_NULL_CONVERSION = YES;
				CLANG_WARN_OBJC_IMPLICIT_RETAIN_SELF = YES;
				CLANG_WARN_OBJC_LITERAL_CONVERSION = YES;
				CLANG_WARN_OBJC_ROOT_CLASS = YES_ERROR;
				CLANG_WARN_RANGE_LOOP_ANALYSIS = YES;
				CLANG_WARN_STRICT_PROTOTYPES = YES;
				CLANG_WARN_SUSPICIOUS_MOVE = YES;
				CLANG_WARN_UNGUARDED_AVAILABILITY = YES_AGGRESSIVE;
				CLANG_WARN_UNREACHABLE_CODE = YES;
				CLANG_WARN__DUPLICATE_METHOD_MATCH = YES;
				CODE_SIGN_IDENTITY = "iPhone Developer";
				COPY_PHASE_STRIP = NO;
				DEBUG_INFORMATION_FORMAT = "dwarf-with-dsym";
				ENABLE_NS_ASSERTIONS = NO;
				ENABLE_STRICT_OBJC_MSGSEND = YES;
				GCC_C_LANGUAGE_STANDARD = gnu11;
				GCC_NO_COMMON_BLOCKS = YES;
				GCC_WARN_64_TO_32_BIT_CONVERSION = YES;
				GCC_WARN_ABOUT_RETURN_TYPE = YES_ERROR;
				GCC_WARN_UNDECLARED_SELECTOR = YES;
				GCC_WARN_UNINITIALIZED_AUTOS = YES_AGGRESSIVE;
				GCC_WARN_UNUSED_FUNCTION = YES;
				GCC_WARN_UNUSED_VARIABLE = YES;
				IPHONEOS_DEPLOYMENT_TARGET = 12.1;
				MTL_ENABLE_DEBUG_INFO = NO;
				MTL_FAST_MATH = YES;
				SDKROOT = iphoneos;
				SWIFT_COMPILATION_MODE = wholemodule;
				SWIFT_OPTIMIZATION_LEVEL = "-O";
				VALIDATE_PRODUCT = YES;
			};
			name = Release;
		};
		8026724E21F97F3E00F79328 /* Debug */ = {
			isa = XCBuildConfiguration;
			buildSettings = {
				ASSETCATALOG_COMPILER_APPICON_NAME = AppIcon;
				CODE_SIGN_STYLE = Automatic;
				DEVELOPMENT_TEAM = 8LV266D828;
				INFOPLIST_FILE = GeoJsonUtilsApp/Info.plist;
				LD_RUNPATH_SEARCH_PATHS = (
					"$(inherited)",
					"@executable_path/Frameworks",
				);
				PRODUCT_BUNDLE_IDENTIFIER = com.codingManu.GeoJsonUtilsApp;
				PRODUCT_NAME = "$(TARGET_NAME)";
				SWIFT_VERSION = 5.0;
				TARGETED_DEVICE_FAMILY = "1,2";
			};
			name = Debug;
		};
		8026724F21F97F3E00F79328 /* Release */ = {
			isa = XCBuildConfiguration;
			buildSettings = {
				ASSETCATALOG_COMPILER_APPICON_NAME = AppIcon;
				CODE_SIGN_STYLE = Automatic;
				DEVELOPMENT_TEAM = 8LV266D828;
				INFOPLIST_FILE = GeoJsonUtilsApp/Info.plist;
				LD_RUNPATH_SEARCH_PATHS = (
					"$(inherited)",
					"@executable_path/Frameworks",
				);
				PRODUCT_BUNDLE_IDENTIFIER = com.codingManu.GeoJsonUtilsApp;
				PRODUCT_NAME = "$(TARGET_NAME)";
				SWIFT_VERSION = 5.0;
				TARGETED_DEVICE_FAMILY = "1,2";
			};
			name = Release;
		};
		803E505321FF6C4F00699E12 /* Debug */ = {
			isa = XCBuildConfiguration;
			buildSettings = {
				BUNDLE_LOADER = "$(TEST_HOST)";
				CODE_SIGN_STYLE = Automatic;
				DEVELOPMENT_TEAM = 8LV266D828;
				INFOPLIST_FILE = GeoJsonUtilsAppTests/Info.plist;
				LD_RUNPATH_SEARCH_PATHS = (
					"$(inherited)",
					"@executable_path/Frameworks",
					"@loader_path/Frameworks",
				);
				PRODUCT_BUNDLE_IDENTIFIER = com.codingManu.GeoJsonUtilsAppTests;
				PRODUCT_NAME = "$(TARGET_NAME)";
				SWIFT_VERSION = 5.0;
				TARGETED_DEVICE_FAMILY = "1,2";
				TEST_HOST = "$(BUILT_PRODUCTS_DIR)/GeoJsonUtilsApp.app/GeoJsonUtilsApp";
			};
			name = Debug;
		};
		803E505421FF6C4F00699E12 /* Release */ = {
			isa = XCBuildConfiguration;
			buildSettings = {
				BUNDLE_LOADER = "$(TEST_HOST)";
				CODE_SIGN_STYLE = Automatic;
				DEVELOPMENT_TEAM = 8LV266D828;
				INFOPLIST_FILE = GeoJsonUtilsAppTests/Info.plist;
				LD_RUNPATH_SEARCH_PATHS = (
					"$(inherited)",
					"@executable_path/Frameworks",
					"@loader_path/Frameworks",
				);
				PRODUCT_BUNDLE_IDENTIFIER = com.codingManu.GeoJsonUtilsAppTests;
				PRODUCT_NAME = "$(TARGET_NAME)";
				SWIFT_VERSION = 5.0;
				TARGETED_DEVICE_FAMILY = "1,2";
				TEST_HOST = "$(BUILT_PRODUCTS_DIR)/GeoJsonUtilsApp.app/GeoJsonUtilsApp";
			};
			name = Release;
		};
/* End XCBuildConfiguration section */

/* Begin XCConfigurationList section */
		8026723621F97F3E00F79328 /* Build configuration list for PBXProject "GeoJsonUtilsApp" */ = {
			isa = XCConfigurationList;
			buildConfigurations = (
				8026724B21F97F3E00F79328 /* Debug */,
				8026724C21F97F3E00F79328 /* Release */,
			);
			defaultConfigurationIsVisible = 0;
			defaultConfigurationName = Release;
		};
		8026724D21F97F3E00F79328 /* Build configuration list for PBXNativeTarget "GeoJsonUtilsApp" */ = {
			isa = XCConfigurationList;
			buildConfigurations = (
				8026724E21F97F3E00F79328 /* Debug */,
				8026724F21F97F3E00F79328 /* Release */,
			);
			defaultConfigurationIsVisible = 0;
			defaultConfigurationName = Release;
		};
		803E505521FF6C4F00699E12 /* Build configuration list for PBXNativeTarget "GeoJsonUtilsAppTests" */ = {
			isa = XCConfigurationList;
			buildConfigurations = (
				803E505321FF6C4F00699E12 /* Debug */,
				803E505421FF6C4F00699E12 /* Release */,
			);
			defaultConfigurationIsVisible = 0;
			defaultConfigurationName = Release;
		};
/* End XCConfigurationList section */
	};
	rootObject = 8026723321F97F3E00F79328 /* Project object */;
}
